
Microsoft Visual Studio Solution File, Format Version 12.00
# Visual Studio Version 17
VisualStudioVersion = 17.11.35303.130
MinimumVisualStudioVersion = 10.0.40219.1
Project("{FAE04EC0-301F-11D3-BF4B-00C04F79EFBC}") = "Pictora", "Pictora.csproj", "{B44A062B-5C3D-43FC-ACD9-76A5C0A99BC1}"
EndProject
Global
	GlobalSection(SolutionConfigurationPlatforms) = preSolution
		Debug|Any CPU = Debug|Any CPU
		Release|Any CPU = Release|Any CPU
	EndGlobalSection
	GlobalSection(ProjectConfigurationPlatforms) = postSolution
		{B44A062B-5C3D-43FC-ACD9-76A5C0A99BC1}.Debug|Any CPU.ActiveCfg = Debug|Any CPU
		{B44A062B-5C3D-43FC-ACD9-76A5C0A99BC1}.Debug|Any CPU.Build.0 = Debug|Any CPU
		{B44A062B-5C3D-43FC-ACD9-76A5C0A99BC1}.Debug|Any CPU.Deploy.0 = Debug|Any CPU
		{B44A062B-5C3D-43FC-ACD9-76A5C0A99BC1}.Release|Any CPU.ActiveCfg = Release|Any CPU
		{B44A062B-5C3D-43FC-ACD9-76A5C0A99BC1}.Release|Any CPU.Build.0 = Release|Any CPU
		{B44A062B-5C3D-43FC-ACD9-76A5C0A99BC1}.Release|Any CPU.Deploy.0 = Release|Any CPU
	EndGlobalSection
	GlobalSection(SolutionProperties) = preSolution
		HideSolutionNode = FALSE
	EndGlobalSection
	GlobalSection(ExtensibilityGlobals) = postSolution
		SolutionGuid = {BA90C96F-B49B-4C02-AFAC-2732CC72EAED}
	EndGlobalSection
EndGlobal
